
Microsoft Visual Studio Solution File, Format Version 12.00
# Visual Studio Version 17
VisualStudioVersion = 17.9.34622.214
MinimumVisualStudioVersion = 10.0.40219.1
Project("{FAE04EC0-301F-11D3-BF4B-00C04F79EFBC}") = "QAP", "QAP\QAP.csproj", "{AF738C10-DAAC-431B-B531-D280142EEDE9}"
EndProject
Project("{FAE04EC0-301F-11D3-BF4B-00C04F79EFBC}") = "ElectromagneticAlgorithm", "ElectromagneticAlgorithm\ElectromagneticAlgorithm.csproj", "{3BA1593F-C984-46AC-AC4E-46916E9EAF14}"
EndProject
Project("{FAE04EC0-301F-11D3-BF4B-00C04F79EFBC}") = "EMTest", "EMTest\EMTest.csproj", "{97CA9290-9DA7-40AB-BC16-BEE2D42DC8AA}"
EndProject
Global
	GlobalSection(SolutionConfigurationPlatforms) = preSolution
		Debug|Any CPU = Debug|Any CPU
		Release|Any CPU = Release|Any CPU
	EndGlobalSection
	GlobalSection(ProjectConfigurationPlatforms) = postSolution
		{AF738C10-DAAC-431B-B531-D280142EEDE9}.Debug|Any CPU.ActiveCfg = Debug|Any CPU
		{AF738C10-DAAC-431B-B531-D280142EEDE9}.Debug|Any CPU.Build.0 = Debug|Any CPU
		{AF738C10-DAAC-431B-B531-D280142EEDE9}.Release|Any CPU.ActiveCfg = Release|Any CPU
		{AF738C10-DAAC-431B-B531-D280142EEDE9}.Release|Any CPU.Build.0 = Release|Any CPU
		{3BA1593F-C984-46AC-AC4E-46916E9EAF14}.Debug|Any CPU.ActiveCfg = Debug|Any CPU
		{3BA1593F-C984-46AC-AC4E-46916E9EAF14}.Debug|Any CPU.Build.0 = Debug|Any CPU
		{3BA1593F-C984-46AC-AC4E-46916E9EAF14}.Release|Any CPU.ActiveCfg = Release|Any CPU
		{3BA1593F-C984-46AC-AC4E-46916E9EAF14}.Release|Any CPU.Build.0 = Release|Any CPU
		{97CA9290-9DA7-40AB-BC16-BEE2D42DC8AA}.Debug|Any CPU.ActiveCfg = Debug|Any CPU
		{97CA9290-9DA7-40AB-BC16-BEE2D42DC8AA}.Debug|Any CPU.Build.0 = Debug|Any CPU
		{97CA9290-9DA7-40AB-BC16-BEE2D42DC8AA}.Release|Any CPU.ActiveCfg = Release|Any CPU
		{97CA9290-9DA7-40AB-BC16-BEE2D42DC8AA}.Release|Any CPU.Build.0 = Release|Any CPU
	EndGlobalSection
	GlobalSection(SolutionProperties) = preSolution
		HideSolutionNode = FALSE
	EndGlobalSection
	GlobalSection(ExtensibilityGlobals) = postSolution
		SolutionGuid = {0787E000-6794-40BF-8C44-95EB92F29082}
	EndGlobalSection
EndGlobal
